
Microsoft Visual Studio Solution File, Format Version 12.00
# Visual Studio 2013
VisualStudioVersion = 12.0.21005.1
MinimumVisualStudioVersion = 10.0.40219.1
Project("{8BC9CEB8-8B4A-11D0-8D11-00A0C91BC942}") = "Log", "..\Log\Log.vcxproj", "{F3F1B4AA-B54B-44EC-A18E-E21950910EB2}"
EndProject
Project("{8BC9CEB8-8B4A-11D0-8D11-00A0C91BC942}") = "LogTestingApplication", "..\LogTestingApplication\LogTestingApplication.vcxproj", "{DDBFD325-9A5C-48AA-8951-8C087342935D}"
	ProjectSection(ProjectDependencies) = postProject
		{F3F1B4AA-B54B-44EC-A18E-E21950910EB2} = {F3F1B4AA-B54B-44EC-A18E-E21950910EB2}
	EndProjectSection
EndProject
Project("{8BC9CEB8-8B4A-11D0-8D11-00A0C91BC942}") = "ORBS", "ORBS.vcxproj", "{DB9DF2F5-3E8A-42A2-8C31-714CD6F0FC82}"
EndProject
Project("{8BC9CEB8-8B4A-11D0-8D11-00A0C91BC942}") = "WorldGenerator", "..\WorldGenerator\WorldGenerator.vcxproj", "{DC42B5EC-AD61-4BF0-8D61-39D1FF4BB2AF}"
	ProjectSection(ProjectDependencies) = postProject
		{F3F1B4AA-B54B-44EC-A18E-E21950910EB2} = {F3F1B4AA-B54B-44EC-A18E-E21950910EB2}
	EndProjectSection
EndProject
Project("{8BC9CEB8-8B4A-11D0-8D11-00A0C91BC942}") = "WorldGeneratorTestingApplication", "..\WorldGeneratorTestingApplication\WorldGeneratorTestingApplication.vcxproj", "{1ACB1C22-956B-42AB-8958-B1C413E8803D}"
	ProjectSection(ProjectDependencies) = postProject
		{F3F1B4AA-B54B-44EC-A18E-E21950910EB2} = {F3F1B4AA-B54B-44EC-A18E-E21950910EB2}
		{DC42B5EC-AD61-4BF0-8D61-39D1FF4BB2AF} = {DC42B5EC-AD61-4BF0-8D61-39D1FF4BB2AF}
	EndProjectSection
EndProject
Global
	GlobalSection(SolutionConfigurationPlatforms) = preSolution
		Debug|Win32 = Debug|Win32
		Release|Win32 = Release|Win32
	EndGlobalSection
	GlobalSection(ProjectConfigurationPlatforms) = postSolution
		{F3F1B4AA-B54B-44EC-A18E-E21950910EB2}.Debug|Win32.ActiveCfg = Debug|Win32
		{F3F1B4AA-B54B-44EC-A18E-E21950910EB2}.Debug|Win32.Build.0 = Debug|Win32
		{F3F1B4AA-B54B-44EC-A18E-E21950910EB2}.Release|Win32.ActiveCfg = Release|Win32
		{F3F1B4AA-B54B-44EC-A18E-E21950910EB2}.Release|Win32.Build.0 = Release|Win32
		{DDBFD325-9A5C-48AA-8951-8C087342935D}.Debug|Win32.ActiveCfg = Debug|Win32
		{DDBFD325-9A5C-48AA-8951-8C087342935D}.Debug|Win32.Build.0 = Debug|Win32
		{DDBFD325-9A5C-48AA-8951-8C087342935D}.Release|Win32.ActiveCfg = Release|Win32
		{DDBFD325-9A5C-48AA-8951-8C087342935D}.Release|Win32.Build.0 = Release|Win32
		{DB9DF2F5-3E8A-42A2-8C31-714CD6F0FC82}.Debug|Win32.ActiveCfg = Debug|Win32
		{DB9DF2F5-3E8A-42A2-8C31-714CD6F0FC82}.Debug|Win32.Build.0 = Debug|Win32
		{DB9DF2F5-3E8A-42A2-8C31-714CD6F0FC82}.Release|Win32.ActiveCfg = Release|Win32
		{DB9DF2F5-3E8A-42A2-8C31-714CD6F0FC82}.Release|Win32.Build.0 = Release|Win32
		{DC42B5EC-AD61-4BF0-8D61-39D1FF4BB2AF}.Debug|Win32.ActiveCfg = Debug|Win32
		{DC42B5EC-AD61-4BF0-8D61-39D1FF4BB2AF}.Debug|Win32.Build.0 = Debug|Win32
		{DC42B5EC-AD61-4BF0-8D61-39D1FF4BB2AF}.Release|Win32.ActiveCfg = Release|Win32
		{DC42B5EC-AD61-4BF0-8D61-39D1FF4BB2AF}.Release|Win32.Build.0 = Release|Win32
		{1ACB1C22-956B-42AB-8958-B1C413E8803D}.Debug|Win32.ActiveCfg = Debug|Win32
		{1ACB1C22-956B-42AB-8958-B1C413E8803D}.Debug|Win32.Build.0 = Debug|Win32
		{1ACB1C22-956B-42AB-8958-B1C413E8803D}.Release|Win32.ActiveCfg = Release|Win32
		{1ACB1C22-956B-42AB-8958-B1C413E8803D}.Release|Win32.Build.0 = Release|Win32
	EndGlobalSection
	GlobalSection(SolutionProperties) = preSolution
		HideSolutionNode = FALSE
	EndGlobalSection
EndGlobal
