<?xml version="1.0" encoding="utf-8"?>
<Project ToolsVersion="4.0" xmlns="http://schemas.microsoft.com/developer/msbuild/2003">
  <ItemGroup>
    <Filter Include="Quelldateien">
      <UniqueIdentifier>{4FC737F1-C7A5-4376-A066-2A32D752A2FF}</UniqueIdentifier>
      <Extensions>cpp;c;cc;cxx;def;odl;idl;hpj;bat;asm;asmx</Extensions>
    </Filter>
    <Filter Include="Headerdateien">
      <UniqueIdentifier>{93995380-89BD-4b04-88EB-625FBE52EBFB}</UniqueIdentifier>
      <Extensions>h;hh;hpp;hxx;hm;inl;inc;xsd</Extensions>
    </Filter>
    <Filter Include="Ressourcendateien">
      <UniqueIdentifier>{67DA6AB6-F800-4c08-8B7A-83BB121AAD01}</UniqueIdentifier>
      <Extensions>rc;ico;cur;bmp;dlg;rc2;rct;bin;rgs;gif;jpg;jpeg;jpe;resx;tiff;tif;png;wav;mfcribbon-ms</Extensions>
    </Filter>
    <Filter Include="Headerdateien\math">
      <UniqueIdentifier>{be422cda-5dc7-4dad-b110-6446383e19fa}</UniqueIdentifier>
    </Filter>
    <Filter Include="Headerdateien\graphic">
      <UniqueIdentifier>{02f20da1-f2f2-4731-a08d-c89cffc5010f}</UniqueIdentifier>
    </Filter>
    <Filter Include="Headerdateien\help">
      <UniqueIdentifier>{eeab074c-d960-4ac2-a1c0-53909806d144}</UniqueIdentifier>
    </Filter>
    <Filter Include="Quelldateien\math">
      <UniqueIdentifier>{9399b75d-de61-45bf-8a95-a33e79ba04e5}</UniqueIdentifier>
    </Filter>
    <Filter Include="Quelldateien\graphic">
      <UniqueIdentifier>{ad636cf2-67b6-4d51-906d-04a0a9eacf01}</UniqueIdentifier>
    </Filter>
    <Filter Include="Quelldateien\help">
      <UniqueIdentifier>{05c83875-e780-4f3b-9821-7fdb9363eca6}</UniqueIdentifier>
    </Filter>
  </ItemGroup>
  <ItemGroup>
    <ClInclude Include="inc\gooseberry.h">
      <Filter>Headerdateien</Filter>
    </ClInclude>
    <ClInclude Include="inc\GB_Vector2.h">
      <Filter>Headerdateien\math</Filter>
    </ClInclude>
    <ClInclude Include="inc\GB_Vector3.h">
      <Filter>Headerdateien\math</Filter>
    </ClInclude>
    <ClInclude Include="inc\GB_Matrix.h">
      <Filter>Headerdateien\math</Filter>
    </ClInclude>
    <ClInclude Include="inc\GB_Array.h">
      <Filter>Headerdateien\help</Filter>
    </ClInclude>
    <ClInclude Include="inc\GB_Color.h">
      <Filter>Headerdateien\help</Filter>
    </ClInclude>
    <ClInclude Include="inc\GB_Convert.h">
      <Filter>Headerdateien\help</Filter>
    </ClInclude>
    <ClInclude Include="inc\GB_Defines.h">
      <Filter>Headerdateien\help</Filter>
    </ClInclude>
    <ClInclude Include="inc\GB_Errors.h">
      <Filter>Headerdateien\help</Filter>
    </ClInclude>
    <ClInclude Include="inc\GB_Exception.h">
      <Filter>Headerdateien\help</Filter>
    </ClInclude>
    <ClInclude Include="inc\GB_Object.h">
      <Filter>Headerdateien\help</Filter>
    </ClInclude>
    <ClInclude Include="inc\GB_Tex.h">
      <Filter>Headerdateien\graphic</Filter>
    </ClInclude>
    <ClInclude Include="inc\GB_Material.h">
      <Filter>Headerdateien\graphic</Filter>
    </ClInclude>
    <ClInclude Include="inc\GB_Mesh.h">
      <Filter>Headerdateien\graphic</Filter>
    </ClInclude>
    <ClInclude Include="inc\GB_MeshLoader.h">
      <Filter>Headerdateien\graphic</Filter>
    </ClInclude>
    <ClInclude Include="inc\GB_MeshQueue.h">
      <Filter>Headerdateien\graphic</Filter>
    </ClInclude>
    <ClInclude Include="inc\GB_OpenGL.h">
      <Filter>Headerdateien\graphic</Filter>
    </ClInclude>
    <ClInclude Include="inc\GB_Log.h">
      <Filter>Headerdateien\help</Filter>
    </ClInclude>
  </ItemGroup>
  <ItemGroup>
    <ClCompile Include="src\gooseberry.cc">
      <Filter>Quelldateien</Filter>
    </ClCompile>
    <ClCompile Include="src\GB_Color.cc">
      <Filter>Quelldateien\help</Filter>
    </ClCompile>
    <ClCompile Include="src\GB_MeshQueue.cc">
      <Filter>Quelldateien\graphic</Filter>
    </ClCompile>
    <ClCompile Include="src\GB_Matrix.cc">
      <Filter>Quelldateien\math</Filter>
    </ClCompile>
    <ClCompile Include="src\GB_Vector2.cc">
      <Filter>Quelldateien\math</Filter>
    </ClCompile>
    <ClCompile Include="src\GB_Vector3.cc">
      <Filter>Quelldateien\math</Filter>
    </ClCompile>
    <ClCompile Include="src\GB_Tex.cc">
      <Filter>Quelldateien\graphic</Filter>
    </ClCompile>
    <ClCompile Include="src\GB_Mesh.cc">
      <Filter>Quelldateien\graphic</Filter>
    </ClCompile>
    <ClCompile Include="src\GB_MeshLoader.cc">
      <Filter>Quelldateien\graphic</Filter>
    </ClCompile>
    <ClCompile Include="src\GB_Object.cc">
      <Filter>Quelldateien\graphic</Filter>
    </ClCompile>
    <ClCompile Include="src\GB_OpenGL.cc">
      <Filter>Quelldateien\graphic</Filter>
    </ClCompile>
    <ClCompile Include="src\GB_Log.cc">
      <Filter>Quelldateien\help</Filter>
    </ClCompile>
  </ItemGroup>
</Project>